{
  "originHash" : "b563c66b8b703d851ad647a39ac37e5ba28063b78e511aa29e8444bd4997d72f",
  "pins" : [
    {
      "identity" : "kingfisher",
      "kind" : "remoteSourceControl",
      "location" : "https://github.com/onevcat/Kingfisher",
      "state" : {
        "revision" : "dd3c422ec3088404d6f7e8c905a8318b3de12d6f",
        "version" : "8.6.0"
      }
    },
    {
      "identity" : "pokemonapi",
      "kind" : "remoteSourceControl",
      "location" : "https://github.com/kinkofer/PokemonAPI",
      "state" : {
        "revision" : "d9fa1d298e986105d9f0195095fdeadbbb5bc361",
        "version" : "7.0.3"
      }
    }
  ],
  "version" : 3
}
